// !$*UTF8*$!
{
	archiveVersion = 1;
	classes = {
	};
	objectVersion = 56;
	objects = {

/* Begin PBXBuildFile section */
		6B117F582AB9DF8B000B03F7 /* MonthlyStatsViewController.swift in Sources */ = {isa = PBXBuildFile; fileRef = 6B117F572AB9DF8B000B03F7 /* MonthlyStatsViewController.swift */; };
		6B117F602ABA92AC000B03F7 /* MonthlyStatsView.swift in Sources */ = {isa = PBXBuildFile; fileRef = 6B117F5F2ABA92AC000B03F7 /* MonthlyStatsView.swift */; };
		6B117F622ABAC71B000B03F7 /* MonthlyDetailCategoryView.swift in Sources */ = {isa = PBXBuildFile; fileRef = 6B117F612ABAC71B000B03F7 /* MonthlyDetailCategoryView.swift */; };
		6B117F652ABAC976000B03F7 /* MonthlyTopStatsView.swift in Sources */ = {isa = PBXBuildFile; fileRef = 6B117F642ABAC976000B03F7 /* MonthlyTopStatsView.swift */; };
		6B117F672ABACB60000B03F7 /* MonthlyDetailCategoryTableViewCell.swift in Sources */ = {isa = PBXBuildFile; fileRef = 6B117F662ABACB60000B03F7 /* MonthlyDetailCategoryTableViewCell.swift */; };
		6B117F692ABAE9D0000B03F7 /* MonthlyTopStatsTableViewCell.swift in Sources */ = {isa = PBXBuildFile; fileRef = 6B117F682ABAE9CF000B03F7 /* MonthlyTopStatsTableViewCell.swift */; };
		6B117F6B2ABC865A000B03F7 /* UIResponder + Extension.swift in Sources */ = {isa = PBXBuildFile; fileRef = 6B117F6A2ABC865A000B03F7 /* UIResponder + Extension.swift */; };
		6B117F6D2ABD0E74000B03F7 /* IconButton.swift in Sources */ = {isa = PBXBuildFile; fileRef = 6B117F6C2ABD0E74000B03F7 /* IconButton.swift */; };
		6B117F6F2ABE6513000B03F7 /* CategoryButton.swift in Sources */ = {isa = PBXBuildFile; fileRef = 6B117F6E2ABE6513000B03F7 /* CategoryButton.swift */; };
		6B555DA72ABF2A1D00E065F2 /* (null) in Sources */ = {isa = PBXBuildFile; };
		6B555DA92ABF2A5900E065F2 /* (null) in Sources */ = {isa = PBXBuildFile; };
		6B5B83912AC1ED0C00CD0AFC /* ExpenseItem.swift in Sources */ = {isa = PBXBuildFile; fileRef = 6B5B83902AC1ED0C00CD0AFC /* ExpenseItem.swift */; };
		6B5B83932AC1ED4300CD0AFC /* AkkinAPI.swift in Sources */ = {isa = PBXBuildFile; fileRef = 6B5B83922AC1ED4300CD0AFC /* AkkinAPI.swift */; };
		6B5B83952AC1EDB700CD0AFC /* AkkinResponse.swift in Sources */ = {isa = PBXBuildFile; fileRef = 6B5B83942AC1EDB700CD0AFC /* AkkinResponse.swift */; };
		6B5B83972AC1EE4800CD0AFC /* ErrorResponse.swift in Sources */ = {isa = PBXBuildFile; fileRef = 6B5B83962AC1EE4800CD0AFC /* ErrorResponse.swift */; };
		6B5B83992AC1EE8C00CD0AFC /* MainResponse.swift in Sources */ = {isa = PBXBuildFile; fileRef = 6B5B83982AC1EE8C00CD0AFC /* MainResponse.swift */; };
		6B5B839B2AC1EEB300CD0AFC /* WeeklyService.swift in Sources */ = {isa = PBXBuildFile; fileRef = 6B5B839A2AC1EEB300CD0AFC /* WeeklyService.swift */; };
		6B6AF9852AD664AC00532D08 /* MonthlyTopStatsViewController.swift in Sources */ = {isa = PBXBuildFile; fileRef = 6B6AF9832AD664AB00532D08 /* MonthlyTopStatsViewController.swift */; };
		6B6AF9862AD664AC00532D08 /* MonthlyDetailCategoryViewController.swift in Sources */ = {isa = PBXBuildFile; fileRef = 6B6AF9842AD664AC00532D08 /* MonthlyDetailCategoryViewController.swift */; };
		6B6AF9882AD6759900532D08 /* MonthlyDetailCategoryCollectionView.swift in Sources */ = {isa = PBXBuildFile; fileRef = 6B6AF9872AD6759900532D08 /* MonthlyDetailCategoryCollectionView.swift */; };
		6B7427E82AB878B800BA7E2C /* CardPageView.swift in Sources */ = {isa = PBXBuildFile; fileRef = 6B7427E72AB878B800BA7E2C /* CardPageView.swift */; };
		6B7427EA2AB878D600BA7E2C /* CardView.swift in Sources */ = {isa = PBXBuildFile; fileRef = 6B7427E92AB878D600BA7E2C /* CardView.swift */; };
		6B7427EC2AB878E600BA7E2C /* CardViewController.swift in Sources */ = {isa = PBXBuildFile; fileRef = 6B7427EB2AB878E600BA7E2C /* CardViewController.swift */; };
		6B7427F22AB879B500BA7E2C /* InputCategory.swift in Sources */ = {isa = PBXBuildFile; fileRef = 6B7427F12AB879B500BA7E2C /* InputCategory.swift */; };
		6B7427F42AB879DE00BA7E2C /* InputCostContent.swift in Sources */ = {isa = PBXBuildFile; fileRef = 6B7427F32AB879DE00BA7E2C /* InputCostContent.swift */; };
		6B7427F62AB879EF00BA7E2C /* InputDatePicker.swift in Sources */ = {isa = PBXBuildFile; fileRef = 6B7427F52AB879EF00BA7E2C /* InputDatePicker.swift */; };
		6B7427F82AB87A0100BA7E2C /* InputHowContent.swift in Sources */ = {isa = PBXBuildFile; fileRef = 6B7427F72AB87A0100BA7E2C /* InputHowContent.swift */; };
		6B7427FA2AB87A0D00BA7E2C /* InputIconSelectedView.swift in Sources */ = {isa = PBXBuildFile; fileRef = 6B7427F92AB87A0D00BA7E2C /* InputIconSelectedView.swift */; };
		6B7427FC2AB87A3400BA7E2C /* IconSaveContent.swift in Sources */ = {isa = PBXBuildFile; fileRef = 6B7427FB2AB87A3400BA7E2C /* IconSaveContent.swift */; };
		6B7427FE2AB87A5000BA7E2C /* InputViewController.swift in Sources */ = {isa = PBXBuildFile; fileRef = 6B7427FD2AB87A5000BA7E2C /* InputViewController.swift */; };
		6B74280A2AB9580B00BA7E2C /* UIColor+Extension.swift in Sources */ = {isa = PBXBuildFile; fileRef = 6B7428092AB9580B00BA7E2C /* UIColor+Extension.swift */; };
		6B742DA12AC02988002A784E /* UIViewController+Extension.swift in Sources */ = {isa = PBXBuildFile; fileRef = 6B742DA02AC02988002A784E /* UIViewController+Extension.swift */; };
		6BBA4EE52ADAE6D100BC1923 /* MonthlyDetailCategoryListCell.swift in Sources */ = {isa = PBXBuildFile; fileRef = 6BBA4EE42ADAE6D100BC1923 /* MonthlyDetailCategoryListCell.swift */; };
		9507C1B92AB626CB00E026F9 /* MyPageView.swift in Sources */ = {isa = PBXBuildFile; fileRef = 9507C1B82AB626CB00E026F9 /* MyPageView.swift */; };
		9507C1BB2AB626D200E026F9 /* MyPageViewController.swift in Sources */ = {isa = PBXBuildFile; fileRef = 9507C1BA2AB626D200E026F9 /* MyPageViewController.swift */; };
		9507C1BF2AB626E900E026F9 /* MyPageTableViewHeader.swift in Sources */ = {isa = PBXBuildFile; fileRef = 9507C1BE2AB626E900E026F9 /* MyPageTableViewHeader.swift */; };
		9507C1C32AB6271D00E026F9 /* MyPageTableViewCell.swift in Sources */ = {isa = PBXBuildFile; fileRef = 9507C1C22AB6271D00E026F9 /* MyPageTableViewCell.swift */; };
		9507C1C62AB62C1800E026F9 /* WeeklyStatsViewController.swift in Sources */ = {isa = PBXBuildFile; fileRef = 9507C1C52AB62C1800E026F9 /* WeeklyStatsViewController.swift */; };
		9507C1C82AB62C2400E026F9 /* WeeklyStatsCategoryCell.swift in Sources */ = {isa = PBXBuildFile; fileRef = 9507C1C72AB62C2400E026F9 /* WeeklyStatsCategoryCell.swift */; };
		9507C1CA2AB62C3500E026F9 /* WeeklyStatsCollectionView.swift in Sources */ = {isa = PBXBuildFile; fileRef = 9507C1C92AB62C3500E026F9 /* WeeklyStatsCollectionView.swift */; };
		9507C1CC2AB62C4700E026F9 /* WeeklyStatsListCell.swift in Sources */ = {isa = PBXBuildFile; fileRef = 9507C1CB2AB62C4700E026F9 /* WeeklyStatsListCell.swift */; };
		9512615A2ABB1CA20012B5F9 /* OnboardingViewController.swift in Sources */ = {isa = PBXBuildFile; fileRef = 951261592ABB1CA20012B5F9 /* OnboardingViewController.swift */; };
		9512615E2ABB1CE80012B5F9 /* OnboardingCollectionViewCell.swift in Sources */ = {isa = PBXBuildFile; fileRef = 9512615D2ABB1CE80012B5F9 /* OnboardingCollectionViewCell.swift */; };
		951261632ABD970C0012B5F9 /* LoginViewController.swift in Sources */ = {isa = PBXBuildFile; fileRef = 951261622ABD970C0012B5F9 /* LoginViewController.swift */; };
		951261652ABD97100012B5F9 /* LoginView.swift in Sources */ = {isa = PBXBuildFile; fileRef = 951261642ABD97100012B5F9 /* LoginView.swift */; };
		951261682ABF4ED20012B5F9 /* Storage.swift in Sources */ = {isa = PBXBuildFile; fileRef = 951261672ABF4ED20012B5F9 /* Storage.swift */; };
		951261872AC02D560012B5F9 /* URLConst.swift in Sources */ = {isa = PBXBuildFile; fileRef = 951261862AC02D560012B5F9 /* URLConst.swift */; };
		951261892AC02DEF0012B5F9 /* DummyLoginAPI.swift in Sources */ = {isa = PBXBuildFile; fileRef = 951261882AC02DEF0012B5F9 /* DummyLoginAPI.swift */; };
		9512618B2AC02E090012B5F9 /* MoyaLoggerPlugin.swift in Sources */ = {isa = PBXBuildFile; fileRef = 9512618A2AC02E090012B5F9 /* MoyaLoggerPlugin.swift */; };
		951261902AC02EA70012B5F9 /* NetworkResult.swift in Sources */ = {isa = PBXBuildFile; fileRef = 9512618F2AC02EA70012B5F9 /* NetworkResult.swift */; };
		951261942AC02EC60012B5F9 /* BlankDataResponse.swift in Sources */ = {isa = PBXBuildFile; fileRef = 951261932AC02EC60012B5F9 /* BlankDataResponse.swift */; };
		9512619E2AC055190012B5F9 /* AppleLoginAPI.swift in Sources */ = {isa = PBXBuildFile; fileRef = 9512619D2AC055190012B5F9 /* AppleLoginAPI.swift */; };
		951261A02AC05B6F0012B5F9 /* AppleLoginService.swift in Sources */ = {isa = PBXBuildFile; fileRef = 9512619F2AC05B6F0012B5F9 /* AppleLoginService.swift */; };
		951261A22AC061560012B5F9 /* NetworkService.swift in Sources */ = {isa = PBXBuildFile; fileRef = 951261A12AC061560012B5F9 /* NetworkService.swift */; };
		951261A92AC19A2B0012B5F9 /* MainAPI.swift in Sources */ = {isa = PBXBuildFile; fileRef = 951261A82AC19A2B0012B5F9 /* MainAPI.swift */; };
		951261AB2AC19A370012B5F9 /* MainService.swift in Sources */ = {isa = PBXBuildFile; fileRef = 951261AA2AC19A370012B5F9 /* MainService.swift */; };
		951261B22AC1A8890012B5F9 /* WeeklyResponse.swift in Sources */ = {isa = PBXBuildFile; fileRef = 951261B12AC1A8890012B5F9 /* WeeklyResponse.swift */; };
		951261B42AC1A8920012B5F9 /* MonthlyResponse.swift in Sources */ = {isa = PBXBuildFile; fileRef = 951261B32AC1A8920012B5F9 /* MonthlyResponse.swift */; };
		951261B62AC1A89E0012B5F9 /* MonthlyService.swift in Sources */ = {isa = PBXBuildFile; fileRef = 951261B52AC1A89E0012B5F9 /* MonthlyService.swift */; };
		951261BA2AC1A8AC0012B5F9 /* WeeklyAPI.swift in Sources */ = {isa = PBXBuildFile; fileRef = 951261B92AC1A8AC0012B5F9 /* WeeklyAPI.swift */; };
		951261BC2AC1A8BA0012B5F9 /* MonthlyAPI.swift in Sources */ = {isa = PBXBuildFile; fileRef = 951261BB2AC1A8BA0012B5F9 /* MonthlyAPI.swift */; };
		951261C12AC1B00D0012B5F9 /* AkkinService.swift in Sources */ = {isa = PBXBuildFile; fileRef = 951261C02AC1B00D0012B5F9 /* AkkinService.swift */; };
		951261C52AC1DE110012B5F9 /* UserDefault.swift in Sources */ = {isa = PBXBuildFile; fileRef = 951261C42AC1DE110012B5F9 /* UserDefault.swift */; };
		951261C72AC1DE280012B5F9 /* UserDefaultHandler.swift in Sources */ = {isa = PBXBuildFile; fileRef = 951261C62AC1DE280012B5F9 /* UserDefaultHandler.swift */; };
		951261CA2AC1FE4C0012B5F9 /* CardDetailViewController.swift in Sources */ = {isa = PBXBuildFile; fileRef = 951261C92AC1FE4C0012B5F9 /* CardDetailViewController.swift */; };
		951261CC2AC1FE610012B5F9 /* CardDetailView.swift in Sources */ = {isa = PBXBuildFile; fileRef = 951261CB2AC1FE610012B5F9 /* CardDetailView.swift */; };
		951261D32AC21D1B0012B5F9 /* CardPatchView.swift in Sources */ = {isa = PBXBuildFile; fileRef = 951261D22AC21D1B0012B5F9 /* CardPatchView.swift */; };
		951261D72AC220760012B5F9 /* CardPatchViewController.swift in Sources */ = {isa = PBXBuildFile; fileRef = 951261D62AC220760012B5F9 /* CardPatchViewController.swift */; };
		951261DA2AC2A9380012B5F9 /* Toast in Frameworks */ = {isa = PBXBuildFile; productRef = 951261D92AC2A9380012B5F9 /* Toast */; };
		95E24FFC2AC2CA7200AB8DD5 /* StringLiteral.swift in Sources */ = {isa = PBXBuildFile; fileRef = 95E24FFB2AC2CA7200AB8DD5 /* StringLiteral.swift */; };
		95E24FFE2AC2CA7800AB8DD5 /* ImageLiteral.swift in Sources */ = {isa = PBXBuildFile; fileRef = 95E24FFD2AC2CA7800AB8DD5 /* ImageLiteral.swift */; };
		95E535A02AB18F1700FA2492 /* MainViewController.swift in Sources */ = {isa = PBXBuildFile; fileRef = 95E5359F2AB18F1700FA2492 /* MainViewController.swift */; };
		95E535A22AB18F3200FA2492 /* MainView.swift in Sources */ = {isa = PBXBuildFile; fileRef = 95E535A12AB18F3200FA2492 /* MainView.swift */; };
		95E535B52AB1D4CF00FA2492 /* MainCardCollectionView.swift in Sources */ = {isa = PBXBuildFile; fileRef = 95E535B42AB1D4CF00FA2492 /* MainCardCollectionView.swift */; };
		95E535B72AB1D4E000FA2492 /* MainCardCollectionViewCell.swift in Sources */ = {isa = PBXBuildFile; fileRef = 95E535B62AB1D4E000FA2492 /* MainCardCollectionViewCell.swift */; };
		95E535BF2AB23EED00FA2492 /* MainWeeklyStatsView.swift in Sources */ = {isa = PBXBuildFile; fileRef = 95E535BE2AB23EED00FA2492 /* MainWeeklyStatsView.swift */; };
		95E535C12AB24A2300FA2492 /* MainMonthlyStatsView.swift in Sources */ = {isa = PBXBuildFile; fileRef = 95E535C02AB24A2300FA2492 /* MainMonthlyStatsView.swift */; };
		95E535C32AB24B1200FA2492 /* MainMonthlyStatsTableViewCell.swift in Sources */ = {isa = PBXBuildFile; fileRef = 95E535C22AB24B1200FA2492 /* MainMonthlyStatsTableViewCell.swift */; };
		95E535D02AB492F400FA2492 /* SplashViewController.swift in Sources */ = {isa = PBXBuildFile; fileRef = 95E535CF2AB492F400FA2492 /* SplashViewController.swift */; };
		BC94AD212AA5FE3A00A77052 /* AppDelegate.swift in Sources */ = {isa = PBXBuildFile; fileRef = BC94AD202AA5FE3A00A77052 /* AppDelegate.swift */; };
		BC94AD232AA5FE3A00A77052 /* SceneDelegate.swift in Sources */ = {isa = PBXBuildFile; fileRef = BC94AD222AA5FE3A00A77052 /* SceneDelegate.swift */; };
		BC94AD2A2AA5FE3B00A77052 /* Assets.xcassets in Resources */ = {isa = PBXBuildFile; fileRef = BC94AD292AA5FE3B00A77052 /* Assets.xcassets */; };
		BC94AD2D2AA5FE3B00A77052 /* LaunchScreen.storyboard in Resources */ = {isa = PBXBuildFile; fileRef = BC94AD2B2AA5FE3B00A77052 /* LaunchScreen.storyboard */; };
		BC94AD3F2AA619CE00A77052 /* Moya in Frameworks */ = {isa = PBXBuildFile; productRef = BC94AD3E2AA619CE00A77052 /* Moya */; };
		BC94AD422AA619DC00A77052 /* Then in Frameworks */ = {isa = PBXBuildFile; productRef = BC94AD412AA619DC00A77052 /* Then */; };
		BC94AD452AA619FC00A77052 /* SnapKit in Frameworks */ = {isa = PBXBuildFile; productRef = BC94AD442AA619FC00A77052 /* SnapKit */; };
		BC94AD472AA61A4800A77052 /* Int+Extension.swift in Sources */ = {isa = PBXBuildFile; fileRef = BC94AD462AA61A4800A77052 /* Int+Extension.swift */; };
		BC94AD492AA61A8300A77052 /* BaseView.swift in Sources */ = {isa = PBXBuildFile; fileRef = BC94AD482AA61A8300A77052 /* BaseView.swift */; };
		BC94AD4B2AA61B6C00A77052 /* BaseButton.swift in Sources */ = {isa = PBXBuildFile; fileRef = BC94AD4A2AA61B6C00A77052 /* BaseButton.swift */; };
		BC94AD4E2AA61CA500A77052 /* ExampleViewController.swift in Sources */ = {isa = PBXBuildFile; fileRef = BC94AD4D2AA61CA500A77052 /* ExampleViewController.swift */; };
		BC94AD502AA61E6700A77052 /* ExampleRouter.swift in Sources */ = {isa = PBXBuildFile; fileRef = BC94AD4F2AA61E6700A77052 /* ExampleRouter.swift */; };
		BC94AD522AA61F2000A77052 /* RequestProvider.swift in Sources */ = {isa = PBXBuildFile; fileRef = BC94AD512AA61F2000A77052 /* RequestProvider.swift */; };
		BC94AD552AA61F5200A77052 /* ExampleAPI.swift in Sources */ = {isa = PBXBuildFile; fileRef = BC94AD542AA61F5200A77052 /* ExampleAPI.swift */; };
		BC94AD572AA61FC300A77052 /* TargetType+Extension.swift in Sources */ = {isa = PBXBuildFile; fileRef = BC94AD562AA61FC300A77052 /* TargetType+Extension.swift */; };
		BC94AD592AA6208900A77052 /* ExampleRequest.swift in Sources */ = {isa = PBXBuildFile; fileRef = BC94AD582AA6208900A77052 /* ExampleRequest.swift */; };
		BC94AD5B2AA621E200A77052 /* AppDependency.swift in Sources */ = {isa = PBXBuildFile; fileRef = BC94AD5A2AA621E200A77052 /* AppDependency.swift */; };
		BC94AD5E2AA6275000A77052 /* ExampleCustomView.swift in Sources */ = {isa = PBXBuildFile; fileRef = BC94AD5D2AA6275000A77052 /* ExampleCustomView.swift */; };
		BC94AD602AA6AB9400A77052 /* BaseViewController.swift in Sources */ = {isa = PBXBuildFile; fileRef = BC94AD5F2AA6AB9400A77052 /* BaseViewController.swift */; };
/* End PBXBuildFile section */

/* Begin PBXFileReference section */
		6B117F572AB9DF8B000B03F7 /* MonthlyStatsViewController.swift */ = {isa = PBXFileReference; lastKnownFileType = sourcecode.swift; path = MonthlyStatsViewController.swift; sourceTree = "<group>"; };
		6B117F5F2ABA92AC000B03F7 /* MonthlyStatsView.swift */ = {isa = PBXFileReference; lastKnownFileType = sourcecode.swift; path = MonthlyStatsView.swift; sourceTree = "<group>"; };
		6B117F612ABAC71B000B03F7 /* MonthlyDetailCategoryView.swift */ = {isa = PBXFileReference; lastKnownFileType = sourcecode.swift; path = MonthlyDetailCategoryView.swift; sourceTree = "<group>"; };
		6B117F642ABAC976000B03F7 /* MonthlyTopStatsView.swift */ = {isa = PBXFileReference; lastKnownFileType = sourcecode.swift; path = MonthlyTopStatsView.swift; sourceTree = "<group>"; };
		6B117F662ABACB60000B03F7 /* MonthlyDetailCategoryTableViewCell.swift */ = {isa = PBXFileReference; lastKnownFileType = sourcecode.swift; path = MonthlyDetailCategoryTableViewCell.swift; sourceTree = "<group>"; };
		6B117F682ABAE9CF000B03F7 /* MonthlyTopStatsTableViewCell.swift */ = {isa = PBXFileReference; lastKnownFileType = sourcecode.swift; path = MonthlyTopStatsTableViewCell.swift; sourceTree = "<group>"; };
		6B117F6A2ABC865A000B03F7 /* UIResponder + Extension.swift */ = {isa = PBXFileReference; lastKnownFileType = sourcecode.swift; path = "UIResponder + Extension.swift"; sourceTree = "<group>"; };
		6B117F6C2ABD0E74000B03F7 /* IconButton.swift */ = {isa = PBXFileReference; lastKnownFileType = sourcecode.swift; path = IconButton.swift; sourceTree = "<group>"; };
		6B117F6E2ABE6513000B03F7 /* CategoryButton.swift */ = {isa = PBXFileReference; lastKnownFileType = sourcecode.swift; path = CategoryButton.swift; sourceTree = "<group>"; };
		6B5B83902AC1ED0C00CD0AFC /* ExpenseItem.swift */ = {isa = PBXFileReference; lastKnownFileType = sourcecode.swift; path = ExpenseItem.swift; sourceTree = "<group>"; };
		6B5B83922AC1ED4300CD0AFC /* AkkinAPI.swift */ = {isa = PBXFileReference; lastKnownFileType = sourcecode.swift; path = AkkinAPI.swift; sourceTree = "<group>"; };
		6B5B83942AC1EDB700CD0AFC /* AkkinResponse.swift */ = {isa = PBXFileReference; lastKnownFileType = sourcecode.swift; path = AkkinResponse.swift; sourceTree = "<group>"; };
		6B5B83962AC1EE4800CD0AFC /* ErrorResponse.swift */ = {isa = PBXFileReference; lastKnownFileType = sourcecode.swift; path = ErrorResponse.swift; sourceTree = "<group>"; };
		6B5B83982AC1EE8C00CD0AFC /* MainResponse.swift */ = {isa = PBXFileReference; lastKnownFileType = sourcecode.swift; path = MainResponse.swift; sourceTree = "<group>"; };
		6B5B839A2AC1EEB300CD0AFC /* WeeklyService.swift */ = {isa = PBXFileReference; lastKnownFileType = sourcecode.swift; path = WeeklyService.swift; sourceTree = "<group>"; };
		6B6AF9832AD664AB00532D08 /* MonthlyTopStatsViewController.swift */ = {isa = PBXFileReference; fileEncoding = 4; lastKnownFileType = sourcecode.swift; path = MonthlyTopStatsViewController.swift; sourceTree = "<group>"; };
		6B6AF9842AD664AC00532D08 /* MonthlyDetailCategoryViewController.swift */ = {isa = PBXFileReference; fileEncoding = 4; lastKnownFileType = sourcecode.swift; path = MonthlyDetailCategoryViewController.swift; sourceTree = "<group>"; };
		6B6AF9872AD6759900532D08 /* MonthlyDetailCategoryCollectionView.swift */ = {isa = PBXFileReference; lastKnownFileType = sourcecode.swift; path = MonthlyDetailCategoryCollectionView.swift; sourceTree = "<group>"; };
		6B7427E72AB878B800BA7E2C /* CardPageView.swift */ = {isa = PBXFileReference; lastKnownFileType = sourcecode.swift; path = CardPageView.swift; sourceTree = "<group>"; };
		6B7427E92AB878D600BA7E2C /* CardView.swift */ = {isa = PBXFileReference; lastKnownFileType = sourcecode.swift; path = CardView.swift; sourceTree = "<group>"; };
		6B7427EB2AB878E600BA7E2C /* CardViewController.swift */ = {isa = PBXFileReference; lastKnownFileType = sourcecode.swift; path = CardViewController.swift; sourceTree = "<group>"; };
		6B7427F12AB879B500BA7E2C /* InputCategory.swift */ = {isa = PBXFileReference; fileEncoding = 4; lastKnownFileType = sourcecode.swift; path = InputCategory.swift; sourceTree = "<group>"; };
		6B7427F32AB879DE00BA7E2C /* InputCostContent.swift */ = {isa = PBXFileReference; lastKnownFileType = sourcecode.swift; path = InputCostContent.swift; sourceTree = "<group>"; };
		6B7427F52AB879EF00BA7E2C /* InputDatePicker.swift */ = {isa = PBXFileReference; lastKnownFileType = sourcecode.swift; path = InputDatePicker.swift; sourceTree = "<group>"; };
		6B7427F72AB87A0100BA7E2C /* InputHowContent.swift */ = {isa = PBXFileReference; lastKnownFileType = sourcecode.swift; path = InputHowContent.swift; sourceTree = "<group>"; };
		6B7427F92AB87A0D00BA7E2C /* InputIconSelectedView.swift */ = {isa = PBXFileReference; lastKnownFileType = sourcecode.swift; path = InputIconSelectedView.swift; sourceTree = "<group>"; };
		6B7427FB2AB87A3400BA7E2C /* IconSaveContent.swift */ = {isa = PBXFileReference; lastKnownFileType = sourcecode.swift; path = IconSaveContent.swift; sourceTree = "<group>"; };
		6B7427FD2AB87A5000BA7E2C /* InputViewController.swift */ = {isa = PBXFileReference; lastKnownFileType = sourcecode.swift; path = InputViewController.swift; sourceTree = "<group>"; };
		6B7428002AB9578600BA7E2C /* Pretendard-Light.ttf */ = {isa = PBXFileReference; lastKnownFileType = file; path = "Pretendard-Light.ttf"; sourceTree = "<group>"; };
		6B7428012AB9578600BA7E2C /* Pretendard-Regular.ttf */ = {isa = PBXFileReference; lastKnownFileType = file; path = "Pretendard-Regular.ttf"; sourceTree = "<group>"; };
		6B7428022AB9578600BA7E2C /* Pretendard-Bold.ttf */ = {isa = PBXFileReference; lastKnownFileType = file; path = "Pretendard-Bold.ttf"; sourceTree = "<group>"; };
		6B7428032AB9578600BA7E2C /* Pretendard-SemiBold.ttf */ = {isa = PBXFileReference; lastKnownFileType = file; path = "Pretendard-SemiBold.ttf"; sourceTree = "<group>"; };
		6B7428042AB9578600BA7E2C /* Pretendard-Medium.ttf */ = {isa = PBXFileReference; lastKnownFileType = file; path = "Pretendard-Medium.ttf"; sourceTree = "<group>"; };
		6B7428052AB9578600BA7E2C /* Pretendard-ExtraBold.ttf */ = {isa = PBXFileReference; lastKnownFileType = file; path = "Pretendard-ExtraBold.ttf"; sourceTree = "<group>"; };
		6B7428062AB9578700BA7E2C /* Pretendard-ExtraLight.ttf */ = {isa = PBXFileReference; lastKnownFileType = file; path = "Pretendard-ExtraLight.ttf"; sourceTree = "<group>"; };
		6B7428072AB9578700BA7E2C /* Pretendard-Thin.ttf */ = {isa = PBXFileReference; lastKnownFileType = file; path = "Pretendard-Thin.ttf"; sourceTree = "<group>"; };
		6B7428082AB9578700BA7E2C /* Pretendard-Black.ttf */ = {isa = PBXFileReference; lastKnownFileType = file; path = "Pretendard-Black.ttf"; sourceTree = "<group>"; };
		6B7428092AB9580B00BA7E2C /* UIColor+Extension.swift */ = {isa = PBXFileReference; lastKnownFileType = sourcecode.swift; path = "UIColor+Extension.swift"; sourceTree = "<group>"; };
		6B742DA02AC02988002A784E /* UIViewController+Extension.swift */ = {isa = PBXFileReference; lastKnownFileType = sourcecode.swift; path = "UIViewController+Extension.swift"; sourceTree = "<group>"; };
		6BBA4EE42ADAE6D100BC1923 /* MonthlyDetailCategoryListCell.swift */ = {isa = PBXFileReference; lastKnownFileType = sourcecode.swift; path = MonthlyDetailCategoryListCell.swift; sourceTree = "<group>"; };
		9507C1B82AB626CB00E026F9 /* MyPageView.swift */ = {isa = PBXFileReference; lastKnownFileType = sourcecode.swift; path = MyPageView.swift; sourceTree = "<group>"; };
		9507C1BA2AB626D200E026F9 /* MyPageViewController.swift */ = {isa = PBXFileReference; lastKnownFileType = sourcecode.swift; path = MyPageViewController.swift; sourceTree = "<group>"; };
		9507C1BE2AB626E900E026F9 /* MyPageTableViewHeader.swift */ = {isa = PBXFileReference; lastKnownFileType = sourcecode.swift; path = MyPageTableViewHeader.swift; sourceTree = "<group>"; };
		9507C1C22AB6271D00E026F9 /* MyPageTableViewCell.swift */ = {isa = PBXFileReference; lastKnownFileType = sourcecode.swift; path = MyPageTableViewCell.swift; sourceTree = "<group>"; };
		9507C1C52AB62C1800E026F9 /* WeeklyStatsViewController.swift */ = {isa = PBXFileReference; lastKnownFileType = sourcecode.swift; path = WeeklyStatsViewController.swift; sourceTree = "<group>"; };
		9507C1C72AB62C2400E026F9 /* WeeklyStatsCategoryCell.swift */ = {isa = PBXFileReference; lastKnownFileType = sourcecode.swift; path = WeeklyStatsCategoryCell.swift; sourceTree = "<group>"; };
		9507C1C92AB62C3500E026F9 /* WeeklyStatsCollectionView.swift */ = {isa = PBXFileReference; lastKnownFileType = sourcecode.swift; path = WeeklyStatsCollectionView.swift; sourceTree = "<group>"; };
		9507C1CB2AB62C4700E026F9 /* WeeklyStatsListCell.swift */ = {isa = PBXFileReference; lastKnownFileType = sourcecode.swift; path = WeeklyStatsListCell.swift; sourceTree = "<group>"; };
		951261592ABB1CA20012B5F9 /* OnboardingViewController.swift */ = {isa = PBXFileReference; lastKnownFileType = sourcecode.swift; path = OnboardingViewController.swift; sourceTree = "<group>"; };
		9512615D2ABB1CE80012B5F9 /* OnboardingCollectionViewCell.swift */ = {isa = PBXFileReference; lastKnownFileType = sourcecode.swift; path = OnboardingCollectionViewCell.swift; sourceTree = "<group>"; };
		951261622ABD970C0012B5F9 /* LoginViewController.swift */ = {isa = PBXFileReference; lastKnownFileType = sourcecode.swift; path = LoginViewController.swift; sourceTree = "<group>"; };
		951261642ABD97100012B5F9 /* LoginView.swift */ = {isa = PBXFileReference; lastKnownFileType = sourcecode.swift; path = LoginView.swift; sourceTree = "<group>"; };
		951261672ABF4ED20012B5F9 /* Storage.swift */ = {isa = PBXFileReference; lastKnownFileType = sourcecode.swift; path = Storage.swift; sourceTree = "<group>"; };
		951261862AC02D560012B5F9 /* URLConst.swift */ = {isa = PBXFileReference; lastKnownFileType = sourcecode.swift; path = URLConst.swift; sourceTree = "<group>"; };
		951261882AC02DEF0012B5F9 /* DummyLoginAPI.swift */ = {isa = PBXFileReference; lastKnownFileType = sourcecode.swift; path = DummyLoginAPI.swift; sourceTree = "<group>"; };
		9512618A2AC02E090012B5F9 /* MoyaLoggerPlugin.swift */ = {isa = PBXFileReference; lastKnownFileType = sourcecode.swift; path = MoyaLoggerPlugin.swift; sourceTree = "<group>"; };
		9512618F2AC02EA70012B5F9 /* NetworkResult.swift */ = {isa = PBXFileReference; lastKnownFileType = sourcecode.swift; path = NetworkResult.swift; sourceTree = "<group>"; };
		951261932AC02EC60012B5F9 /* BlankDataResponse.swift */ = {isa = PBXFileReference; lastKnownFileType = sourcecode.swift; path = BlankDataResponse.swift; sourceTree = "<group>"; };
		9512619A2AC0371C0012B5F9 /* AKKIN.entitlements */ = {isa = PBXFileReference; lastKnownFileType = text.plist.entitlements; path = AKKIN.entitlements; sourceTree = "<group>"; };
		9512619D2AC055190012B5F9 /* AppleLoginAPI.swift */ = {isa = PBXFileReference; lastKnownFileType = sourcecode.swift; path = AppleLoginAPI.swift; sourceTree = "<group>"; };
		9512619F2AC05B6F0012B5F9 /* AppleLoginService.swift */ = {isa = PBXFileReference; lastKnownFileType = sourcecode.swift; path = AppleLoginService.swift; sourceTree = "<group>"; };
		951261A12AC061560012B5F9 /* NetworkService.swift */ = {isa = PBXFileReference; lastKnownFileType = sourcecode.swift; path = NetworkService.swift; sourceTree = "<group>"; };
		951261A82AC19A2B0012B5F9 /* MainAPI.swift */ = {isa = PBXFileReference; lastKnownFileType = sourcecode.swift; path = MainAPI.swift; sourceTree = "<group>"; };
		951261AA2AC19A370012B5F9 /* MainService.swift */ = {isa = PBXFileReference; lastKnownFileType = sourcecode.swift; path = MainService.swift; sourceTree = "<group>"; };
		951261B12AC1A8890012B5F9 /* WeeklyResponse.swift */ = {isa = PBXFileReference; lastKnownFileType = sourcecode.swift; path = WeeklyResponse.swift; sourceTree = "<group>"; };
		951261B32AC1A8920012B5F9 /* MonthlyResponse.swift */ = {isa = PBXFileReference; lastKnownFileType = sourcecode.swift; path = MonthlyResponse.swift; sourceTree = "<group>"; };
		951261B52AC1A89E0012B5F9 /* MonthlyService.swift */ = {isa = PBXFileReference; lastKnownFileType = sourcecode.swift; path = MonthlyService.swift; sourceTree = "<group>"; };
		951261B92AC1A8AC0012B5F9 /* WeeklyAPI.swift */ = {isa = PBXFileReference; lastKnownFileType = sourcecode.swift; path = WeeklyAPI.swift; sourceTree = "<group>"; };
		951261BB2AC1A8BA0012B5F9 /* MonthlyAPI.swift */ = {isa = PBXFileReference; lastKnownFileType = sourcecode.swift; path = MonthlyAPI.swift; sourceTree = "<group>"; };
		951261C02AC1B00D0012B5F9 /* AkkinService.swift */ = {isa = PBXFileReference; lastKnownFileType = sourcecode.swift; path = AkkinService.swift; sourceTree = "<group>"; };
		951261C42AC1DE110012B5F9 /* UserDefault.swift */ = {isa = PBXFileReference; lastKnownFileType = sourcecode.swift; path = UserDefault.swift; sourceTree = "<group>"; };
		951261C62AC1DE280012B5F9 /* UserDefaultHandler.swift */ = {isa = PBXFileReference; lastKnownFileType = sourcecode.swift; path = UserDefaultHandler.swift; sourceTree = "<group>"; };
		951261C92AC1FE4C0012B5F9 /* CardDetailViewController.swift */ = {isa = PBXFileReference; lastKnownFileType = sourcecode.swift; path = CardDetailViewController.swift; sourceTree = "<group>"; };
		951261CB2AC1FE610012B5F9 /* CardDetailView.swift */ = {isa = PBXFileReference; lastKnownFileType = sourcecode.swift; path = CardDetailView.swift; sourceTree = "<group>"; };
		951261D22AC21D1B0012B5F9 /* CardPatchView.swift */ = {isa = PBXFileReference; lastKnownFileType = sourcecode.swift; path = CardPatchView.swift; sourceTree = "<group>"; };
		951261D62AC220760012B5F9 /* CardPatchViewController.swift */ = {isa = PBXFileReference; lastKnownFileType = sourcecode.swift; path = CardPatchViewController.swift; sourceTree = "<group>"; };
		95E24FFB2AC2CA7200AB8DD5 /* StringLiteral.swift */ = {isa = PBXFileReference; lastKnownFileType = sourcecode.swift; path = StringLiteral.swift; sourceTree = "<group>"; };
		95E24FFD2AC2CA7800AB8DD5 /* ImageLiteral.swift */ = {isa = PBXFileReference; lastKnownFileType = sourcecode.swift; path = ImageLiteral.swift; sourceTree = "<group>"; };
		95E5359F2AB18F1700FA2492 /* MainViewController.swift */ = {isa = PBXFileReference; lastKnownFileType = sourcecode.swift; path = MainViewController.swift; sourceTree = "<group>"; };
		95E535A12AB18F3200FA2492 /* MainView.swift */ = {isa = PBXFileReference; lastKnownFileType = sourcecode.swift; path = MainView.swift; sourceTree = "<group>"; };
		95E535B42AB1D4CF00FA2492 /* MainCardCollectionView.swift */ = {isa = PBXFileReference; lastKnownFileType = sourcecode.swift; path = MainCardCollectionView.swift; sourceTree = "<group>"; };
		95E535B62AB1D4E000FA2492 /* MainCardCollectionViewCell.swift */ = {isa = PBXFileReference; lastKnownFileType = sourcecode.swift; path = MainCardCollectionViewCell.swift; sourceTree = "<group>"; };
		95E535BE2AB23EED00FA2492 /* MainWeeklyStatsView.swift */ = {isa = PBXFileReference; lastKnownFileType = sourcecode.swift; path = MainWeeklyStatsView.swift; sourceTree = "<group>"; };
		95E535C02AB24A2300FA2492 /* MainMonthlyStatsView.swift */ = {isa = PBXFileReference; lastKnownFileType = sourcecode.swift; path = MainMonthlyStatsView.swift; sourceTree = "<group>"; };
		95E535C22AB24B1200FA2492 /* MainMonthlyStatsTableViewCell.swift */ = {isa = PBXFileReference; lastKnownFileType = sourcecode.swift; path = MainMonthlyStatsTableViewCell.swift; sourceTree = "<group>"; };
		95E535CF2AB492F400FA2492 /* SplashViewController.swift */ = {isa = PBXFileReference; lastKnownFileType = sourcecode.swift; path = SplashViewController.swift; sourceTree = "<group>"; };
		BC94AD1D2AA5FE3A00A77052 /* AKKIN.app */ = {isa = PBXFileReference; explicitFileType = wrapper.application; includeInIndex = 0; path = AKKIN.app; sourceTree = BUILT_PRODUCTS_DIR; };
		BC94AD202AA5FE3A00A77052 /* AppDelegate.swift */ = {isa = PBXFileReference; lastKnownFileType = sourcecode.swift; path = AppDelegate.swift; sourceTree = "<group>"; };
		BC94AD222AA5FE3A00A77052 /* SceneDelegate.swift */ = {isa = PBXFileReference; lastKnownFileType = sourcecode.swift; path = SceneDelegate.swift; sourceTree = "<group>"; };
		BC94AD292AA5FE3B00A77052 /* Assets.xcassets */ = {isa = PBXFileReference; lastKnownFileType = folder.assetcatalog; path = Assets.xcassets; sourceTree = "<group>"; };
		BC94AD2C2AA5FE3B00A77052 /* Base */ = {isa = PBXFileReference; lastKnownFileType = file.storyboard; name = Base; path = Base.lproj/LaunchScreen.storyboard; sourceTree = "<group>"; };
		BC94AD2E2AA5FE3B00A77052 /* Info.plist */ = {isa = PBXFileReference; lastKnownFileType = text.plist.xml; path = Info.plist; sourceTree = "<group>"; };
		BC94AD462AA61A4800A77052 /* Int+Extension.swift */ = {isa = PBXFileReference; lastKnownFileType = sourcecode.swift; path = "Int+Extension.swift"; sourceTree = "<group>"; };
		BC94AD482AA61A8300A77052 /* BaseView.swift */ = {isa = PBXFileReference; lastKnownFileType = sourcecode.swift; path = BaseView.swift; sourceTree = "<group>"; };
		BC94AD4A2AA61B6C00A77052 /* BaseButton.swift */ = {isa = PBXFileReference; lastKnownFileType = sourcecode.swift; path = BaseButton.swift; sourceTree = "<group>"; };
		BC94AD4D2AA61CA500A77052 /* ExampleViewController.swift */ = {isa = PBXFileReference; lastKnownFileType = sourcecode.swift; path = ExampleViewController.swift; sourceTree = "<group>"; };
		BC94AD4F2AA61E6700A77052 /* ExampleRouter.swift */ = {isa = PBXFileReference; lastKnownFileType = sourcecode.swift; path = ExampleRouter.swift; sourceTree = "<group>"; };
		BC94AD512AA61F2000A77052 /* RequestProvider.swift */ = {isa = PBXFileReference; lastKnownFileType = sourcecode.swift; path = RequestProvider.swift; sourceTree = "<group>"; };
		BC94AD542AA61F5200A77052 /* ExampleAPI.swift */ = {isa = PBXFileReference; lastKnownFileType = sourcecode.swift; path = ExampleAPI.swift; sourceTree = "<group>"; };
		BC94AD562AA61FC300A77052 /* TargetType+Extension.swift */ = {isa = PBXFileReference; lastKnownFileType = sourcecode.swift; path = "TargetType+Extension.swift"; sourceTree = "<group>"; };
		BC94AD582AA6208900A77052 /* ExampleRequest.swift */ = {isa = PBXFileReference; lastKnownFileType = sourcecode.swift; path = ExampleRequest.swift; sourceTree = "<group>"; };
		BC94AD5A2AA621E200A77052 /* AppDependency.swift */ = {isa = PBXFileReference; lastKnownFileType = sourcecode.swift; path = AppDependency.swift; sourceTree = "<group>"; };
		BC94AD5D2AA6275000A77052 /* ExampleCustomView.swift */ = {isa = PBXFileReference; lastKnownFileType = sourcecode.swift; path = ExampleCustomView.swift; sourceTree = "<group>"; };
		BC94AD5F2AA6AB9400A77052 /* BaseViewController.swift */ = {isa = PBXFileReference; fileEncoding = 4; lastKnownFileType = sourcecode.swift; path = BaseViewController.swift; sourceTree = "<group>"; };
/* End PBXFileReference section */

/* Begin PBXFrameworksBuildPhase section */
		BC94AD1A2AA5FE3A00A77052 /* Frameworks */ = {
			isa = PBXFrameworksBuildPhase;
			buildActionMask = 2147483647;
			files = (
				951261DA2AC2A9380012B5F9 /* Toast in Frameworks */,
				BC94AD452AA619FC00A77052 /* SnapKit in Frameworks */,
				BC94AD3F2AA619CE00A77052 /* Moya in Frameworks */,
				BC94AD422AA619DC00A77052 /* Then in Frameworks */,
			);
			runOnlyForDeploymentPostprocessing = 0;
		};
/* End PBXFrameworksBuildPhase section */

/* Begin PBXGroup section */
		6B117F562AB9DEDD000B03F7 /* MonthlyStats */ = {
			isa = PBXGroup;
			children = (
				6B117F632ABAC8D4000B03F7 /* View */,
				6B6AF9842AD664AC00532D08 /* MonthlyDetailCategoryViewController.swift */,
				6B6AF9832AD664AB00532D08 /* MonthlyTopStatsViewController.swift */,
				6B117F572AB9DF8B000B03F7 /* MonthlyStatsViewController.swift */,
			);
			path = MonthlyStats;
			sourceTree = "<group>";
		};
		6B117F632ABAC8D4000B03F7 /* View */ = {
			isa = PBXGroup;
			children = (
				6B117F5F2ABA92AC000B03F7 /* MonthlyStatsView.swift */,
				6B117F612ABAC71B000B03F7 /* MonthlyDetailCategoryView.swift */,
				6B117F662ABACB60000B03F7 /* MonthlyDetailCategoryTableViewCell.swift */,
				6B6AF9872AD6759900532D08 /* MonthlyDetailCategoryCollectionView.swift */,
				6BBA4EE42ADAE6D100BC1923 /* MonthlyDetailCategoryListCell.swift */,
				6B117F642ABAC976000B03F7 /* MonthlyTopStatsView.swift */,
				6B117F682ABAE9CF000B03F7 /* MonthlyTopStatsTableViewCell.swift */,
			);
			path = View;
			sourceTree = "<group>";
		};
		6B7427DE2AB8787000BA7E2C /* Card */ = {
			isa = PBXGroup;
			children = (
				6B7427E72AB878B800BA7E2C /* CardPageView.swift */,
				6B7427E92AB878D600BA7E2C /* CardView.swift */,
				6B7427EB2AB878E600BA7E2C /* CardViewController.swift */,
			);
			path = Card;
			sourceTree = "<group>";
		};
		6B7427EF2AB8799A00BA7E2C /* Input */ = {
			isa = PBXGroup;
			children = (
				6B7427F02AB879A200BA7E2C /* Views */,
				6B7427FD2AB87A5000BA7E2C /* InputViewController.swift */,
				6B117F6E2ABE6513000B03F7 /* CategoryButton.swift */,
				6B117F6C2ABD0E74000B03F7 /* IconButton.swift */,
				6B5B83902AC1ED0C00CD0AFC /* ExpenseItem.swift */,
			);
			path = Input;
			sourceTree = "<group>";
		};
		6B7427F02AB879A200BA7E2C /* Views */ = {
			isa = PBXGroup;
			children = (
				6B7427F92AB87A0D00BA7E2C /* InputIconSelectedView.swift */,
				6B7427F12AB879B500BA7E2C /* InputCategory.swift */,
				6B7427F52AB879EF00BA7E2C /* InputDatePicker.swift */,
				6B7427FB2AB87A3400BA7E2C /* IconSaveContent.swift */,
				6B7427F72AB87A0100BA7E2C /* InputHowContent.swift */,
				6B7427F32AB879DE00BA7E2C /* InputCostContent.swift */,
			);
			path = Views;
			sourceTree = "<group>";
		};
		6B7427FF2AB9562C00BA7E2C /* Fonts */ = {
			isa = PBXGroup;
			children = (
				6B7428082AB9578700BA7E2C /* Pretendard-Black.ttf */,
				6B7428022AB9578600BA7E2C /* Pretendard-Bold.ttf */,
				6B7428052AB9578600BA7E2C /* Pretendard-ExtraBold.ttf */,
				6B7428062AB9578700BA7E2C /* Pretendard-ExtraLight.ttf */,
				6B7428002AB9578600BA7E2C /* Pretendard-Light.ttf */,
				6B7428042AB9578600BA7E2C /* Pretendard-Medium.ttf */,
				6B7428012AB9578600BA7E2C /* Pretendard-Regular.ttf */,
				6B7428032AB9578600BA7E2C /* Pretendard-SemiBold.ttf */,
				6B7428072AB9578700BA7E2C /* Pretendard-Thin.ttf */,
			);
			path = Fonts;
			sourceTree = "<group>";
		};
		9507C1B72AB626C100E026F9 /* MyPage */ = {
			isa = PBXGroup;
			children = (
				9507C1B82AB626CB00E026F9 /* MyPageView.swift */,
				9507C1BA2AB626D200E026F9 /* MyPageViewController.swift */,
				9507C1BE2AB626E900E026F9 /* MyPageTableViewHeader.swift */,
				9507C1C22AB6271D00E026F9 /* MyPageTableViewCell.swift */,
			);
			path = MyPage;
			sourceTree = "<group>";
		};
		9507C1C42AB62C0800E026F9 /* WeeklyStats */ = {
			isa = PBXGroup;
			children = (
				9507C1CF2AB62C7C00E026F9 /* cell */,
				9507C1C52AB62C1800E026F9 /* WeeklyStatsViewController.swift */,
				9507C1C92AB62C3500E026F9 /* WeeklyStatsCollectionView.swift */,
			);
			path = WeeklyStats;
			sourceTree = "<group>";
		};
		9507C1CF2AB62C7C00E026F9 /* cell */ = {
			isa = PBXGroup;
			children = (
				9507C1C72AB62C2400E026F9 /* WeeklyStatsCategoryCell.swift */,
				9507C1CB2AB62C4700E026F9 /* WeeklyStatsListCell.swift */,
			);
			path = cell;
			sourceTree = "<group>";
		};
		951261582ABB1C890012B5F9 /* Onboarding */ = {
			isa = PBXGroup;
			children = (
				951261592ABB1CA20012B5F9 /* OnboardingViewController.swift */,
				9512615D2ABB1CE80012B5F9 /* OnboardingCollectionViewCell.swift */,
			);
			path = Onboarding;
			sourceTree = "<group>";
		};
		951261612ABD96FB0012B5F9 /* Login */ = {
			isa = PBXGroup;
			children = (
				951261622ABD970C0012B5F9 /* LoginViewController.swift */,
				951261642ABD97100012B5F9 /* LoginView.swift */,
			);
			path = Login;
			sourceTree = "<group>";
		};
		9512618C2AC02E380012B5F9 /* AppleLogin */ = {
			isa = PBXGroup;
			children = (
				951261882AC02DEF0012B5F9 /* DummyLoginAPI.swift */,
				9512619D2AC055190012B5F9 /* AppleLoginAPI.swift */,
				9512619F2AC05B6F0012B5F9 /* AppleLoginService.swift */,
			);
			path = AppleLogin;
			sourceTree = "<group>";
		};
		951261992AC030190012B5F9 /* Literal */ = {
			isa = PBXGroup;
			children = (
				951261862AC02D560012B5F9 /* URLConst.swift */,
				95E24FFB2AC2CA7200AB8DD5 /* StringLiteral.swift */,
				95E24FFD2AC2CA7800AB8DD5 /* ImageLiteral.swift */,
			);
			path = Literal;
			sourceTree = "<group>";
		};
		951261A52AC19A0C0012B5F9 /* Main */ = {
			isa = PBXGroup;
			children = (
				951261A82AC19A2B0012B5F9 /* MainAPI.swift */,
				951261AA2AC19A370012B5F9 /* MainService.swift */,
				6B5B83982AC1EE8C00CD0AFC /* MainResponse.swift */,
			);
			path = Main;
			sourceTree = "<group>";
		};
		951261AF2AC1A8750012B5F9 /* Weekly */ = {
			isa = PBXGroup;
			children = (
				951261B92AC1A8AC0012B5F9 /* WeeklyAPI.swift */,
				951261B12AC1A8890012B5F9 /* WeeklyResponse.swift */,
				6B5B839A2AC1EEB300CD0AFC /* WeeklyService.swift */,
			);
			path = Weekly;
			sourceTree = "<group>";
		};
		951261B02AC1A87C0012B5F9 /* Monthly */ = {
			isa = PBXGroup;
			children = (
				951261BB2AC1A8BA0012B5F9 /* MonthlyAPI.swift */,
				951261B52AC1A89E0012B5F9 /* MonthlyService.swift */,
				951261B32AC1A8920012B5F9 /* MonthlyResponse.swift */,
			);
			path = Monthly;
			sourceTree = "<group>";
		};
		951261BD2AC1AE8B0012B5F9 /* Akkin */ = {
			isa = PBXGroup;
			children = (
				951261C02AC1B00D0012B5F9 /* AkkinService.swift */,
				6B5B83922AC1ED4300CD0AFC /* AkkinAPI.swift */,
				6B5B83942AC1EDB700CD0AFC /* AkkinResponse.swift */,
			);
			path = Akkin;
			sourceTree = "<group>";
		};
		951261C82AC1FE380012B5F9 /* CardDetail */ = {
			isa = PBXGroup;
			children = (
				951261C92AC1FE4C0012B5F9 /* CardDetailViewController.swift */,
				951261CB2AC1FE610012B5F9 /* CardDetailView.swift */,
			);
			path = CardDetail;
			sourceTree = "<group>";
		};
		951261D12AC21D0A0012B5F9 /* CardPatch */ = {
			isa = PBXGroup;
			children = (
				951261D22AC21D1B0012B5F9 /* CardPatchView.swift */,
				951261D62AC220760012B5F9 /* CardPatchViewController.swift */,
			);
			path = CardPatch;
			sourceTree = "<group>";
		};
		95E535A42AB1910900FA2492 /* Main */ = {
			isa = PBXGroup;
			children = (
				95E5359F2AB18F1700FA2492 /* MainViewController.swift */,
				95E535A12AB18F3200FA2492 /* MainView.swift */,
				95E535B42AB1D4CF00FA2492 /* MainCardCollectionView.swift */,
				95E535B62AB1D4E000FA2492 /* MainCardCollectionViewCell.swift */,
				95E535BE2AB23EED00FA2492 /* MainWeeklyStatsView.swift */,
				95E535C02AB24A2300FA2492 /* MainMonthlyStatsView.swift */,
				95E535C22AB24B1200FA2492 /* MainMonthlyStatsTableViewCell.swift */,
			);
			path = Main;
			sourceTree = "<group>";
		};
		95E535CE2AB492E500FA2492 /* Splash */ = {
			isa = PBXGroup;
			children = (
				95E535CF2AB492F400FA2492 /* SplashViewController.swift */,
			);
			path = Splash;
			sourceTree = "<group>";
		};
		BC94AD142AA5FE3A00A77052 = {
			isa = PBXGroup;
			children = (
				BC94AD1F2AA5FE3A00A77052 /* AKKIN */,
				BC94AD1E2AA5FE3A00A77052 /* Products */,
			);
			sourceTree = "<group>";
		};
		BC94AD1E2AA5FE3A00A77052 /* Products */ = {
			isa = PBXGroup;
			children = (
				BC94AD1D2AA5FE3A00A77052 /* AKKIN.app */,
			);
			name = Products;
			sourceTree = "<group>";
		};
		BC94AD1F2AA5FE3A00A77052 /* AKKIN */ = {
			isa = PBXGroup;
			children = (
				9512619A2AC0371C0012B5F9 /* AKKIN.entitlements */,
				BC94AD3A2AA618F000A77052 /* Resource */,
				BC94AD392AA618DE00A77052 /* Support */,
				BC94AD382AA618CC00A77052 /* Extension */,
				BC94AD362AA618B100A77052 /* Networking */,
				BC94AD352AA6189600A77052 /* Presentation */,
				BC94AD342AA6188900A77052 /* App */,
				BC94AD2B2AA5FE3B00A77052 /* LaunchScreen.storyboard */,
			);
			path = AKKIN;
			sourceTree = "<group>";
		};
		BC94AD342AA6188900A77052 /* App */ = {
			isa = PBXGroup;
			children = (
				BC94AD202AA5FE3A00A77052 /* AppDelegate.swift */,
				BC94AD222AA5FE3A00A77052 /* SceneDelegate.swift */,
				BC94AD5A2AA621E200A77052 /* AppDependency.swift */,
				951261C42AC1DE110012B5F9 /* UserDefault.swift */,
				951261C62AC1DE280012B5F9 /* UserDefaultHandler.swift */,
				951261672ABF4ED20012B5F9 /* Storage.swift */,
			);
			path = App;
			sourceTree = "<group>";
		};
		BC94AD352AA6189600A77052 /* Presentation */ = {
			isa = PBXGroup;
			children = (
				951261582ABB1C890012B5F9 /* Onboarding */,
				951261612ABD96FB0012B5F9 /* Login */,
				6B7427EF2AB8799A00BA7E2C /* Input */,
				6B7427DE2AB8787000BA7E2C /* Card */,
				951261C82AC1FE380012B5F9 /* CardDetail */,
				951261D12AC21D0A0012B5F9 /* CardPatch */,
				6B117F562AB9DEDD000B03F7 /* MonthlyStats */,
				9507C1C42AB62C0800E026F9 /* WeeklyStats */,
				9507C1B72AB626C100E026F9 /* MyPage */,
				95E535CE2AB492E500FA2492 /* Splash */,
				95E535A42AB1910900FA2492 /* Main */,
				BC94AD4C2AA61C9600A77052 /* Example */,
				BC94AD372AA618C400A77052 /* Base */,
			);
			path = Presentation;
			sourceTree = "<group>";
		};
		BC94AD362AA618B100A77052 /* Networking */ = {
			isa = PBXGroup;
			children = (
				BC94AD532AA61F4800A77052 /* Example */,
				9512618C2AC02E380012B5F9 /* AppleLogin */,
				951261A52AC19A0C0012B5F9 /* Main */,
				951261AF2AC1A8750012B5F9 /* Weekly */,
				951261B02AC1A87C0012B5F9 /* Monthly */,
				951261BD2AC1AE8B0012B5F9 /* Akkin */,
				9512618A2AC02E090012B5F9 /* MoyaLoggerPlugin.swift */,
				9512618F2AC02EA70012B5F9 /* NetworkResult.swift */,
				BC94AD562AA61FC300A77052 /* TargetType+Extension.swift */,
				BC94AD512AA61F2000A77052 /* RequestProvider.swift */,
				951261A12AC061560012B5F9 /* NetworkService.swift */,
				951261932AC02EC60012B5F9 /* BlankDataResponse.swift */,
				6B5B83962AC1EE4800CD0AFC /* ErrorResponse.swift */,
			);
			path = Networking;
			sourceTree = "<group>";
		};
		BC94AD372AA618C400A77052 /* Base */ = {
			isa = PBXGroup;
			children = (
				BC94AD5F2AA6AB9400A77052 /* BaseViewController.swift */,
				BC94AD482AA61A8300A77052 /* BaseView.swift */,
				BC94AD4A2AA61B6C00A77052 /* BaseButton.swift */,
			);
			path = Base;
			sourceTree = "<group>";
		};
		BC94AD382AA618CC00A77052 /* Extension */ = {
			isa = PBXGroup;
			children = (
				BC94AD462AA61A4800A77052 /* Int+Extension.swift */,
				6B117F6A2ABC865A000B03F7 /* UIResponder + Extension.swift */,
				6B7428092AB9580B00BA7E2C /* UIColor+Extension.swift */,
				6B742DA02AC02988002A784E /* UIViewController+Extension.swift */,
				951261992AC030190012B5F9 /* Literal */,
			);
			path = Extension;
			sourceTree = "<group>";
		};
		BC94AD392AA618DE00A77052 /* Support */ = {
			isa = PBXGroup;
			children = (
				BC94AD2E2AA5FE3B00A77052 /* Info.plist */,
			);
			path = Support;
			sourceTree = "<group>";
		};
		BC94AD3A2AA618F000A77052 /* Resource */ = {
			isa = PBXGroup;
			children = (
				6B7427FF2AB9562C00BA7E2C /* Fonts */,
				BC94AD292AA5FE3B00A77052 /* Assets.xcassets */,
			);
			path = Resource;
			sourceTree = "<group>";
		};
		BC94AD4C2AA61C9600A77052 /* Example */ = {
			isa = PBXGroup;
			children = (
				BC94AD5C2AA6274500A77052 /* Views  */,
				BC94AD4D2AA61CA500A77052 /* ExampleViewController.swift */,
				BC94AD4F2AA61E6700A77052 /* ExampleRouter.swift */,
			);
			path = Example;
			sourceTree = "<group>";
		};
		BC94AD532AA61F4800A77052 /* Example */ = {
			isa = PBXGroup;
			children = (
				BC94AD542AA61F5200A77052 /* ExampleAPI.swift */,
				BC94AD582AA6208900A77052 /* ExampleRequest.swift */,
			);
			path = Example;
			sourceTree = "<group>";
		};
		BC94AD5C2AA6274500A77052 /* Views  */ = {
			isa = PBXGroup;
			children = (
				BC94AD5D2AA6275000A77052 /* ExampleCustomView.swift */,
			);
			path = "Views ";
			sourceTree = "<group>";
		};
/* End PBXGroup section */

/* Begin PBXNativeTarget section */
		BC94AD1C2AA5FE3A00A77052 /* AKKIN */ = {
			isa = PBXNativeTarget;
			buildConfigurationList = BC94AD312AA5FE3B00A77052 /* Build configuration list for PBXNativeTarget "AKKIN" */;
			buildPhases = (
				BC94AD192AA5FE3A00A77052 /* Sources */,
				BC94AD1A2AA5FE3A00A77052 /* Frameworks */,
				BC94AD1B2AA5FE3A00A77052 /* Resources */,
			);
			buildRules = (
			);
			dependencies = (
			);
			name = AKKIN;
			packageProductDependencies = (
				BC94AD3E2AA619CE00A77052 /* Moya */,
				BC94AD412AA619DC00A77052 /* Then */,
				BC94AD442AA619FC00A77052 /* SnapKit */,
				951261D92AC2A9380012B5F9 /* Toast */,
			);
			productName = AKKIN;
			productReference = BC94AD1D2AA5FE3A00A77052 /* AKKIN.app */;
			productType = "com.apple.product-type.application";
		};
/* End PBXNativeTarget section */

/* Begin PBXProject section */
		BC94AD152AA5FE3A00A77052 /* Project object */ = {
			isa = PBXProject;
			attributes = {
				BuildIndependentTargetsInParallel = 1;
				LastSwiftUpdateCheck = 1430;
				LastUpgradeCheck = 1430;
				TargetAttributes = {
					BC94AD1C2AA5FE3A00A77052 = {
						CreatedOnToolsVersion = 14.3.1;
					};
				};
			};
			buildConfigurationList = BC94AD182AA5FE3A00A77052 /* Build configuration list for PBXProject "AKKIN" */;
			compatibilityVersion = "Xcode 14.0";
			developmentRegion = en;
			hasScannedForEncodings = 0;
			knownRegions = (
				en,
				Base,
			);
			mainGroup = BC94AD142AA5FE3A00A77052;
			packageReferences = (
				BC94AD3D2AA619CE00A77052 /* XCRemoteSwiftPackageReference "Moya" */,
				BC94AD402AA619DC00A77052 /* XCRemoteSwiftPackageReference "Then" */,
				BC94AD432AA619FC00A77052 /* XCRemoteSwiftPackageReference "SnapKit" */,
				951261D82AC2A9380012B5F9 /* XCRemoteSwiftPackageReference "Toast-Swift" */,
			);
			productRefGroup = BC94AD1E2AA5FE3A00A77052 /* Products */;
			projectDirPath = "";
			projectRoot = "";
			targets = (
				BC94AD1C2AA5FE3A00A77052 /* AKKIN */,
			);
		};
/* End PBXProject section */

/* Begin PBXResourcesBuildPhase section */
		BC94AD1B2AA5FE3A00A77052 /* Resources */ = {
			isa = PBXResourcesBuildPhase;
			buildActionMask = 2147483647;
			files = (
				BC94AD2D2AA5FE3B00A77052 /* LaunchScreen.storyboard in Resources */,
				BC94AD2A2AA5FE3B00A77052 /* Assets.xcassets in Resources */,
			);
			runOnlyForDeploymentPostprocessing = 0;
		};
/* End PBXResourcesBuildPhase section */

/* Begin PBXSourcesBuildPhase section */
		BC94AD192AA5FE3A00A77052 /* Sources */ = {
			isa = PBXSourcesBuildPhase;
			buildActionMask = 2147483647;
			files = (
				6B7427F62AB879EF00BA7E2C /* InputDatePicker.swift in Sources */,
				BC94AD472AA61A4800A77052 /* Int+Extension.swift in Sources */,
				9507C1C62AB62C1800E026F9 /* WeeklyStatsViewController.swift in Sources */,
				9507C1C82AB62C2400E026F9 /* WeeklyStatsCategoryCell.swift in Sources */,
				6B555DA92ABF2A5900E065F2 /* (null) in Sources */,
				6B117F652ABAC976000B03F7 /* MonthlyTopStatsView.swift in Sources */,
				951261B62AC1A89E0012B5F9 /* MonthlyService.swift in Sources */,
				95E535B52AB1D4CF00FA2492 /* MainCardCollectionView.swift in Sources */,
				6B5B839B2AC1EEB300CD0AFC /* WeeklyService.swift in Sources */,
				BC94AD4E2AA61CA500A77052 /* ExampleViewController.swift in Sources */,
				6BBA4EE52ADAE6D100BC1923 /* MonthlyDetailCategoryListCell.swift in Sources */,
				95E535C12AB24A2300FA2492 /* MainMonthlyStatsView.swift in Sources */,
				BC94AD502AA61E6700A77052 /* ExampleRouter.swift in Sources */,
				9512618B2AC02E090012B5F9 /* MoyaLoggerPlugin.swift in Sources */,
				6B7427E82AB878B800BA7E2C /* CardPageView.swift in Sources */,
				6B7427FA2AB87A0D00BA7E2C /* InputIconSelectedView.swift in Sources */,
				951261892AC02DEF0012B5F9 /* DummyLoginAPI.swift in Sources */,
				951261CC2AC1FE610012B5F9 /* CardDetailView.swift in Sources */,
				6B7427EC2AB878E600BA7E2C /* CardViewController.swift in Sources */,
				6B7427F82AB87A0100BA7E2C /* InputHowContent.swift in Sources */,
				6B117F692ABAE9D0000B03F7 /* MonthlyTopStatsTableViewCell.swift in Sources */,
				6B117F6B2ABC865A000B03F7 /* UIResponder + Extension.swift in Sources */,
				95E535B72AB1D4E000FA2492 /* MainCardCollectionViewCell.swift in Sources */,
				9507C1CA2AB62C3500E026F9 /* WeeklyStatsCollectionView.swift in Sources */,
				9507C1BF2AB626E900E026F9 /* MyPageTableViewHeader.swift in Sources */,
				951261D32AC21D1B0012B5F9 /* CardPatchView.swift in Sources */,
				BC94AD552AA61F5200A77052 /* ExampleAPI.swift in Sources */,
				9512615E2ABB1CE80012B5F9 /* OnboardingCollectionViewCell.swift in Sources */,
				6B7427FC2AB87A3400BA7E2C /* IconSaveContent.swift in Sources */,
				951261CA2AC1FE4C0012B5F9 /* CardDetailViewController.swift in Sources */,
				6B117F582AB9DF8B000B03F7 /* MonthlyStatsViewController.swift in Sources */,
				9507C1C32AB6271D00E026F9 /* MyPageTableViewCell.swift in Sources */,
				9507C1BB2AB626D200E026F9 /* MyPageViewController.swift in Sources */,
				951261D72AC220760012B5F9 /* CardPatchViewController.swift in Sources */,
				BC94AD5B2AA621E200A77052 /* AppDependency.swift in Sources */,
				6B5B83932AC1ED4300CD0AFC /* AkkinAPI.swift in Sources */,
				6B74280A2AB9580B00BA7E2C /* UIColor+Extension.swift in Sources */,
				BC94AD602AA6AB9400A77052 /* BaseViewController.swift in Sources */,
				6B117F672ABACB60000B03F7 /* MonthlyDetailCategoryTableViewCell.swift in Sources */,
				6B117F6D2ABD0E74000B03F7 /* IconButton.swift in Sources */,
				95E535BF2AB23EED00FA2492 /* MainWeeklyStatsView.swift in Sources */,
				951261942AC02EC60012B5F9 /* BlankDataResponse.swift in Sources */,
				951261B42AC1A8920012B5F9 /* MonthlyResponse.swift in Sources */,
				951261BA2AC1A8AC0012B5F9 /* WeeklyAPI.swift in Sources */,
				6B117F6F2ABE6513000B03F7 /* CategoryButton.swift in Sources */,
				951261632ABD970C0012B5F9 /* LoginViewController.swift in Sources */,
				951261BC2AC1A8BA0012B5F9 /* MonthlyAPI.swift in Sources */,
				951261A02AC05B6F0012B5F9 /* AppleLoginService.swift in Sources */,
				6B7427F22AB879B500BA7E2C /* InputCategory.swift in Sources */,
				951261872AC02D560012B5F9 /* URLConst.swift in Sources */,
				951261C52AC1DE110012B5F9 /* UserDefault.swift in Sources */,
				9507C1CC2AB62C4700E026F9 /* WeeklyStatsListCell.swift in Sources */,
				6B117F602ABA92AC000B03F7 /* MonthlyStatsView.swift in Sources */,
				6B5B83952AC1EDB700CD0AFC /* AkkinResponse.swift in Sources */,
				951261A92AC19A2B0012B5F9 /* MainAPI.swift in Sources */,
				95E24FFC2AC2CA7200AB8DD5 /* StringLiteral.swift in Sources */,
				9512619E2AC055190012B5F9 /* AppleLoginAPI.swift in Sources */,
				6B6AF9882AD6759900532D08 /* MonthlyDetailCategoryCollectionView.swift in Sources */,
				9507C1B92AB626CB00E026F9 /* MyPageView.swift in Sources */,
				BC94AD4B2AA61B6C00A77052 /* BaseButton.swift in Sources */,
				9512615A2ABB1CA20012B5F9 /* OnboardingViewController.swift in Sources */,
				BC94AD522AA61F2000A77052 /* RequestProvider.swift in Sources */,
				951261A22AC061560012B5F9 /* NetworkService.swift in Sources */,
				6B5B83972AC1EE4800CD0AFC /* ErrorResponse.swift in Sources */,
				6B7427FE2AB87A5000BA7E2C /* InputViewController.swift in Sources */,
				BC94AD5E2AA6275000A77052 /* ExampleCustomView.swift in Sources */,
				951261652ABD97100012B5F9 /* LoginView.swift in Sources */,
				951261B22AC1A8890012B5F9 /* WeeklyResponse.swift in Sources */,
				95E535A22AB18F3200FA2492 /* MainView.swift in Sources */,
				95E535A02AB18F1700FA2492 /* MainViewController.swift in Sources */,
				951261AB2AC19A370012B5F9 /* MainService.swift in Sources */,
				6B6AF9862AD664AC00532D08 /* MonthlyDetailCategoryViewController.swift in Sources */,
				95E24FFE2AC2CA7800AB8DD5 /* ImageLiteral.swift in Sources */,
				BC94AD492AA61A8300A77052 /* BaseView.swift in Sources */,
				6B742DA12AC02988002A784E /* UIViewController+Extension.swift in Sources */,
				6B6AF9852AD664AC00532D08 /* MonthlyTopStatsViewController.swift in Sources */,
				6B117F622ABAC71B000B03F7 /* MonthlyDetailCategoryView.swift in Sources */,
				951261C12AC1B00D0012B5F9 /* AkkinService.swift in Sources */,
				BC94AD212AA5FE3A00A77052 /* AppDelegate.swift in Sources */,
				BC94AD592AA6208900A77052 /* ExampleRequest.swift in Sources */,
				6B5B83912AC1ED0C00CD0AFC /* ExpenseItem.swift in Sources */,
				BC94AD572AA61FC300A77052 /* TargetType+Extension.swift in Sources */,
				BC94AD232AA5FE3A00A77052 /* SceneDelegate.swift in Sources */,
				951261902AC02EA70012B5F9 /* NetworkResult.swift in Sources */,
				95E535C32AB24B1200FA2492 /* MainMonthlyStatsTableViewCell.swift in Sources */,
				6B5B83992AC1EE8C00CD0AFC /* MainResponse.swift in Sources */,
				951261682ABF4ED20012B5F9 /* Storage.swift in Sources */,
				6B7427F42AB879DE00BA7E2C /* InputCostContent.swift in Sources */,
				6B7427EA2AB878D600BA7E2C /* CardView.swift in Sources */,
				6B555DA72ABF2A1D00E065F2 /* (null) in Sources */,
				95E535D02AB492F400FA2492 /* SplashViewController.swift in Sources */,
				951261C72AC1DE280012B5F9 /* UserDefaultHandler.swift in Sources */,
			);
			runOnlyForDeploymentPostprocessing = 0;
		};
/* End PBXSourcesBuildPhase section */

/* Begin PBXVariantGroup section */
		BC94AD2B2AA5FE3B00A77052 /* LaunchScreen.storyboard */ = {
			isa = PBXVariantGroup;
			children = (
				BC94AD2C2AA5FE3B00A77052 /* Base */,
			);
			name = LaunchScreen.storyboard;
			sourceTree = "<group>";
		};
/* End PBXVariantGroup section */

/* Begin XCBuildConfiguration section */
		BC94AD2F2AA5FE3B00A77052 /* Debug */ = {
			isa = XCBuildConfiguration;
			buildSettings = {
				ALWAYS_SEARCH_USER_PATHS = NO;
				CLANG_ANALYZER_NONNULL = YES;
				CLANG_ANALYZER_NUMBER_OBJECT_CONVERSION = YES_AGGRESSIVE;
				CLANG_CXX_LANGUAGE_STANDARD = "gnu++20";
				CLANG_ENABLE_MODULES = YES;
				CLANG_ENABLE_OBJC_ARC = YES;
				CLANG_ENABLE_OBJC_WEAK = YES;
				CLANG_WARN_BLOCK_CAPTURE_AUTORELEASING = YES;
				CLANG_WARN_BOOL_CONVERSION = YES;
				CLANG_WARN_COMMA = YES;
				CLANG_WARN_CONSTANT_CONVERSION = YES;
				CLANG_WARN_DEPRECATED_OBJC_IMPLEMENTATIONS = YES;
				CLANG_WARN_DIRECT_OBJC_ISA_USAGE = YES_ERROR;
				CLANG_WARN_DOCUMENTATION_COMMENTS = YES;
				CLANG_WARN_EMPTY_BODY = YES;
				CLANG_WARN_ENUM_CONVERSION = YES;
				CLANG_WARN_INFINITE_RECURSION = YES;
				CLANG_WARN_INT_CONVERSION = YES;
				CLANG_WARN_NON_LITERAL_NULL_CONVERSION = YES;
				CLANG_WARN_OBJC_IMPLICIT_RETAIN_SELF = YES;
				CLANG_WARN_OBJC_LITERAL_CONVERSION = YES;
				CLANG_WARN_OBJC_ROOT_CLASS = YES_ERROR;
				CLANG_WARN_QUOTED_INCLUDE_IN_FRAMEWORK_HEADER = YES;
				CLANG_WARN_RANGE_LOOP_ANALYSIS = YES;
				CLANG_WARN_STRICT_PROTOTYPES = YES;
				CLANG_WARN_SUSPICIOUS_MOVE = YES;
				CLANG_WARN_UNGUARDED_AVAILABILITY = YES_AGGRESSIVE;
				CLANG_WARN_UNREACHABLE_CODE = YES;
				CLANG_WARN__DUPLICATE_METHOD_MATCH = YES;
				COPY_PHASE_STRIP = NO;
				DEBUG_INFORMATION_FORMAT = dwarf;
				ENABLE_STRICT_OBJC_MSGSEND = YES;
				ENABLE_TESTABILITY = YES;
				GCC_C_LANGUAGE_STANDARD = gnu11;
				GCC_DYNAMIC_NO_PIC = NO;
				GCC_NO_COMMON_BLOCKS = YES;
				GCC_OPTIMIZATION_LEVEL = 0;
				GCC_PREPROCESSOR_DEFINITIONS = (
					"DEBUG=1",
					"$(inherited)",
				);
				GCC_WARN_64_TO_32_BIT_CONVERSION = YES;
				GCC_WARN_ABOUT_RETURN_TYPE = YES_ERROR;
				GCC_WARN_UNDECLARED_SELECTOR = YES;
				GCC_WARN_UNINITIALIZED_AUTOS = YES_AGGRESSIVE;
				GCC_WARN_UNUSED_FUNCTION = YES;
				GCC_WARN_UNUSED_VARIABLE = YES;
				IPHONEOS_DEPLOYMENT_TARGET = 14.0;
				MTL_ENABLE_DEBUG_INFO = INCLUDE_SOURCE;
				MTL_FAST_MATH = YES;
				ONLY_ACTIVE_ARCH = YES;
				SDKROOT = iphoneos;
				SWIFT_ACTIVE_COMPILATION_CONDITIONS = DEBUG;
				SWIFT_OPTIMIZATION_LEVEL = "-Onone";
			};
			name = Debug;
		};
		BC94AD302AA5FE3B00A77052 /* Release */ = {
			isa = XCBuildConfiguration;
			buildSettings = {
				ALWAYS_SEARCH_USER_PATHS = NO;
				CLANG_ANALYZER_NONNULL = YES;
				CLANG_ANALYZER_NUMBER_OBJECT_CONVERSION = YES_AGGRESSIVE;
				CLANG_CXX_LANGUAGE_STANDARD = "gnu++20";
				CLANG_ENABLE_MODULES = YES;
				CLANG_ENABLE_OBJC_ARC = YES;
				CLANG_ENABLE_OBJC_WEAK = YES;
				CLANG_WARN_BLOCK_CAPTURE_AUTORELEASING = YES;
				CLANG_WARN_BOOL_CONVERSION = YES;
				CLANG_WARN_COMMA = YES;
				CLANG_WARN_CONSTANT_CONVERSION = YES;
				CLANG_WARN_DEPRECATED_OBJC_IMPLEMENTATIONS = YES;
				CLANG_WARN_DIRECT_OBJC_ISA_USAGE = YES_ERROR;
				CLANG_WARN_DOCUMENTATION_COMMENTS = YES;
				CLANG_WARN_EMPTY_BODY = YES;
				CLANG_WARN_ENUM_CONVERSION = YES;
				CLANG_WARN_INFINITE_RECURSION = YES;
				CLANG_WARN_INT_CONVERSION = YES;
				CLANG_WARN_NON_LITERAL_NULL_CONVERSION = YES;
				CLANG_WARN_OBJC_IMPLICIT_RETAIN_SELF = YES;
				CLANG_WARN_OBJC_LITERAL_CONVERSION = YES;
				CLANG_WARN_OBJC_ROOT_CLASS = YES_ERROR;
				CLANG_WARN_QUOTED_INCLUDE_IN_FRAMEWORK_HEADER = YES;
				CLANG_WARN_RANGE_LOOP_ANALYSIS = YES;
				CLANG_WARN_STRICT_PROTOTYPES = YES;
				CLANG_WARN_SUSPICIOUS_MOVE = YES;
				CLANG_WARN_UNGUARDED_AVAILABILITY = YES_AGGRESSIVE;
				CLANG_WARN_UNREACHABLE_CODE = YES;
				CLANG_WARN__DUPLICATE_METHOD_MATCH = YES;
				COPY_PHASE_STRIP = NO;
				DEBUG_INFORMATION_FORMAT = "dwarf-with-dsym";
				ENABLE_NS_ASSERTIONS = NO;
				ENABLE_STRICT_OBJC_MSGSEND = YES;
				GCC_C_LANGUAGE_STANDARD = gnu11;
				GCC_NO_COMMON_BLOCKS = YES;
				GCC_WARN_64_TO_32_BIT_CONVERSION = YES;
				GCC_WARN_ABOUT_RETURN_TYPE = YES_ERROR;
				GCC_WARN_UNDECLARED_SELECTOR = YES;
				GCC_WARN_UNINITIALIZED_AUTOS = YES_AGGRESSIVE;
				GCC_WARN_UNUSED_FUNCTION = YES;
				GCC_WARN_UNUSED_VARIABLE = YES;
				IPHONEOS_DEPLOYMENT_TARGET = 14.0;
				MTL_ENABLE_DEBUG_INFO = NO;
				MTL_FAST_MATH = YES;
				SDKROOT = iphoneos;
				SWIFT_COMPILATION_MODE = wholemodule;
				SWIFT_OPTIMIZATION_LEVEL = "-O";
				VALIDATE_PRODUCT = YES;
			};
			name = Release;
		};
		BC94AD322AA5FE3B00A77052 /* Debug */ = {
			isa = XCBuildConfiguration;
			buildSettings = {
				ASSETCATALOG_COMPILER_APPICON_NAME = AppIcon;
				ASSETCATALOG_COMPILER_GLOBAL_ACCENT_COLOR_NAME = AccentColor;
				CODE_SIGN_ENTITLEMENTS = AKKIN/AKKIN.entitlements;
				CODE_SIGN_STYLE = Automatic;
				CURRENT_PROJECT_VERSION = 1;
				GENERATE_INFOPLIST_FILE = YES;
				INFOPLIST_FILE = AKKIN/Support/Info.plist;
				INFOPLIST_KEY_UIApplicationSupportsIndirectInputEvents = YES;
				INFOPLIST_KEY_UILaunchStoryboardName = LaunchScreen;
				INFOPLIST_KEY_UISupportedInterfaceOrientations = "UIInterfaceOrientationLandscapeLeft UIInterfaceOrientationLandscapeRight UIInterfaceOrientationPortrait";
				INFOPLIST_KEY_UISupportedInterfaceOrientations_iPad = "UIInterfaceOrientationLandscapeLeft UIInterfaceOrientationLandscapeRight UIInterfaceOrientationPortrait UIInterfaceOrientationPortraitUpsideDown";
				LD_RUNPATH_SEARCH_PATHS = (
					"$(inherited)",
					"@executable_path/Frameworks",
				);
				MARKETING_VERSION = 1.0;
				PRODUCT_BUNDLE_IDENTIFIER = com.akkin.AKKIN;
				PRODUCT_NAME = "$(TARGET_NAME)";
				SWIFT_EMIT_LOC_STRINGS = YES;
				SWIFT_VERSION = 5.0;
				TARGETED_DEVICE_FAMILY = "1,2";
			};
			name = Debug;
		};
		BC94AD332AA5FE3B00A77052 /* Release */ = {
			isa = XCBuildConfiguration;
			buildSettings = {
				ASSETCATALOG_COMPILER_APPICON_NAME = AppIcon;
				ASSETCATALOG_COMPILER_GLOBAL_ACCENT_COLOR_NAME = AccentColor;
				CODE_SIGN_ENTITLEMENTS = AKKIN/AKKIN.entitlements;
				CODE_SIGN_STYLE = Automatic;
				CURRENT_PROJECT_VERSION = 1;
				GENERATE_INFOPLIST_FILE = YES;
				INFOPLIST_FILE = AKKIN/Support/Info.plist;
				INFOPLIST_KEY_UIApplicationSupportsIndirectInputEvents = YES;
				INFOPLIST_KEY_UILaunchStoryboardName = LaunchScreen;
				INFOPLIST_KEY_UISupportedInterfaceOrientations = "UIInterfaceOrientationLandscapeLeft UIInterfaceOrientationLandscapeRight UIInterfaceOrientationPortrait";
				INFOPLIST_KEY_UISupportedInterfaceOrientations_iPad = "UIInterfaceOrientationLandscapeLeft UIInterfaceOrientationLandscapeRight UIInterfaceOrientationPortrait UIInterfaceOrientationPortraitUpsideDown";
				LD_RUNPATH_SEARCH_PATHS = (
					"$(inherited)",
					"@executable_path/Frameworks",
				);
				MARKETING_VERSION = 1.0;
				PRODUCT_BUNDLE_IDENTIFIER = com.akkin.AKKIN;
				PRODUCT_NAME = "$(TARGET_NAME)";
				SWIFT_EMIT_LOC_STRINGS = YES;
				SWIFT_VERSION = 5.0;
				TARGETED_DEVICE_FAMILY = "1,2";
			};
			name = Release;
		};
/* End XCBuildConfiguration section */

/* Begin XCConfigurationList section */
		BC94AD182AA5FE3A00A77052 /* Build configuration list for PBXProject "AKKIN" */ = {
			isa = XCConfigurationList;
			buildConfigurations = (
				BC94AD2F2AA5FE3B00A77052 /* Debug */,
				BC94AD302AA5FE3B00A77052 /* Release */,
			);
			defaultConfigurationIsVisible = 0;
			defaultConfigurationName = Release;
		};
		BC94AD312AA5FE3B00A77052 /* Build configuration list for PBXNativeTarget "AKKIN" */ = {
			isa = XCConfigurationList;
			buildConfigurations = (
				BC94AD322AA5FE3B00A77052 /* Debug */,
				BC94AD332AA5FE3B00A77052 /* Release */,
			);
			defaultConfigurationIsVisible = 0;
			defaultConfigurationName = Release;
		};
/* End XCConfigurationList section */

/* Begin XCRemoteSwiftPackageReference section */
		951261D82AC2A9380012B5F9 /* XCRemoteSwiftPackageReference "Toast-Swift" */ = {
			isa = XCRemoteSwiftPackageReference;
			repositoryURL = "https://github.com/scalessec/Toast-Swift";
			requirement = {
				kind = upToNextMajorVersion;
				minimumVersion = 5.0.0;
			};
		};
		BC94AD3D2AA619CE00A77052 /* XCRemoteSwiftPackageReference "Moya" */ = {
			isa = XCRemoteSwiftPackageReference;
			repositoryURL = "https://github.com/Moya/Moya.git";
			requirement = {
				kind = upToNextMajorVersion;
				minimumVersion = 15.0.0;
			};
		};
		BC94AD402AA619DC00A77052 /* XCRemoteSwiftPackageReference "Then" */ = {
			isa = XCRemoteSwiftPackageReference;
			repositoryURL = "https://github.com/devxoul/Then";
			requirement = {
				kind = upToNextMajorVersion;
				minimumVersion = 3.0.0;
			};
		};
		BC94AD432AA619FC00A77052 /* XCRemoteSwiftPackageReference "SnapKit" */ = {
			isa = XCRemoteSwiftPackageReference;
			repositoryURL = "https://github.com/SnapKit/SnapKit.git";
			requirement = {
				kind = upToNextMajorVersion;
				minimumVersion = 5.0.0;
			};
		};
/* End XCRemoteSwiftPackageReference section */

/* Begin XCSwiftPackageProductDependency section */
		951261D92AC2A9380012B5F9 /* Toast */ = {
			isa = XCSwiftPackageProductDependency;
			package = 951261D82AC2A9380012B5F9 /* XCRemoteSwiftPackageReference "Toast-Swift" */;
			productName = Toast;
		};
		BC94AD3E2AA619CE00A77052 /* Moya */ = {
			isa = XCSwiftPackageProductDependency;
			package = BC94AD3D2AA619CE00A77052 /* XCRemoteSwiftPackageReference "Moya" */;
			productName = Moya;
		};
		BC94AD412AA619DC00A77052 /* Then */ = {
			isa = XCSwiftPackageProductDependency;
			package = BC94AD402AA619DC00A77052 /* XCRemoteSwiftPackageReference "Then" */;
			productName = Then;
		};
		BC94AD442AA619FC00A77052 /* SnapKit */ = {
			isa = XCSwiftPackageProductDependency;
			package = BC94AD432AA619FC00A77052 /* XCRemoteSwiftPackageReference "SnapKit" */;
			productName = SnapKit;
		};
/* End XCSwiftPackageProductDependency section */
	};
	rootObject = BC94AD152AA5FE3A00A77052 /* Project object */;
}
